
Microsoft Visual Studio Solution File, Format Version 12.00
# Visual Studio Version 17
VisualStudioVersion = 17.6.33829.357
MinimumVisualStudioVersion = 10.0.40219.1
Project("{FAE04EC0-301F-11D3-BF4B-00C04F79EFBC}") = "punto de venta", "punto de venta.csproj", "{FF47394B-B575-46E5-81ED-5C19038F52F2}"
EndProject
Global
	GlobalSection(SolutionConfigurationPlatforms) = preSolution
		Debug|Any CPU = Debug|Any CPU
		Release|Any CPU = Release|Any CPU
	EndGlobalSection
	GlobalSection(ProjectConfigurationPlatforms) = postSolution
		{FF47394B-B575-46E5-81ED-5C19038F52F2}.Debug|Any CPU.ActiveCfg = Debug|Any CPU
		{FF47394B-B575-46E5-81ED-5C19038F52F2}.Debug|Any CPU.Build.0 = Debug|Any CPU
		{FF47394B-B575-46E5-81ED-5C19038F52F2}.Release|Any CPU.ActiveCfg = Release|Any CPU
		{FF47394B-B575-46E5-81ED-5C19038F52F2}.Release|Any CPU.Build.0 = Release|Any CPU
	EndGlobalSection
	GlobalSection(SolutionProperties) = preSolution
		HideSolutionNode = FALSE
	EndGlobalSection
	GlobalSection(ExtensibilityGlobals) = postSolution
		SolutionGuid = {D579B4FD-871C-4B10-9DC1-34E04284CBD8}
	EndGlobalSection
EndGlobal
